
Microsoft Visual Studio Solution File, Format Version 12.00
# Visual Studio Version 16
VisualStudioVersion = 16.0.31129.286
MinimumVisualStudioVersion = 10.0.40219.1
Project("{2150E333-8FDC-42A3-9474-1A3956D46DE8}") = "src", "src", "{51A58CB2-4260-4913-9613-EB8E4E0C4771}"
EndProject
Project("{2150E333-8FDC-42A3-9474-1A3956D46DE8}") = "test", "test", "{F50FF069-5F92-4A01-A1F5-4463DB022C62}"
EndProject
Project("{2150E333-8FDC-42A3-9474-1A3956D46DE8}") = "Solution Items", "Solution Items", "{A651E8AD-703B-4B21-B344-68F5F09CDA67}"
	ProjectSection(SolutionItems) = preProject
		build.cake = build.cake
		README.md = README.md
		SharedBuildProperties.props = SharedBuildProperties.props
	EndProjectSection
EndProject
Project("{9A19103F-16F7-4668-BE54-9A1E7A4F7556}") = "Solnet.Rpc", "src\Solnet.Rpc\Solnet.Rpc.csproj", "{FE8D270F-30AE-4818-AC7B-030591820419}"
EndProject
Project("{9A19103F-16F7-4668-BE54-9A1E7A4F7556}") = "Solnet.KeyStore", "src\Solnet.KeyStore\Solnet.KeyStore.csproj", "{BA5BFA52-8010-4438-BC87-153A34464CAA}"
EndProject
Project("{9A19103F-16F7-4668-BE54-9A1E7A4F7556}") = "Solnet.Wallet", "src\Solnet.Wallet\Solnet.Wallet.csproj", "{DA22B717-4FD7-4D08-A546-DFF3B21B7BAE}"
EndProject
Project("{9A19103F-16F7-4668-BE54-9A1E7A4F7556}") = "Solnet.Examples", "src\Solnet.Examples\Solnet.Examples.csproj", "{1198ED67-B1F1-4DE9-BDE8-AE6C96DA33A6}"
EndProject
Project("{9A19103F-16F7-4668-BE54-9A1E7A4F7556}") = "Solnet.Programs", "src\Solnet.Programs\Solnet.Programs.csproj", "{45D7F47F-4807-4918-BD78-F9EB2863B5A2}"
EndProject
Project("{9A19103F-16F7-4668-BE54-9A1E7A4F7556}") = "Solnet.Rpc.Test", "test\Solnet.Rpc.Test\Solnet.Rpc.Test.csproj", "{E907F659-7FDE-4B98-85CD-1FBC6B1656CD}"
EndProject
Project("{9A19103F-16F7-4668-BE54-9A1E7A4F7556}") = "Solnet.Wallet.Test", "test\Solnet.Wallet.Test\Solnet.Wallet.Test.csproj", "{3E2EF65F-79D5-4D31-8782-175942B9CC7E}"
EndProject
Project("{9A19103F-16F7-4668-BE54-9A1E7A4F7556}") = "Solnet.KeyStore.Test", "test\Solnet.KeyStore.Test\Solnet.KeyStore.Test.csproj", "{A02FDD4D-7096-4A43-B53C-5F5577F5B97C}"
EndProject
Project("{9A19103F-16F7-4668-BE54-9A1E7A4F7556}") = "Solnet.Programs.Test", "test\Solnet.Programs.Test\Solnet.Programs.Test.csproj", "{44B262CE-3AA3-43CE-B483-F49605E80E7B}"
EndProject
Project("{9A19103F-16F7-4668-BE54-9A1E7A4F7556}") = "Solnet.Extensions", "src\Solnet.Extensions\Solnet.Extensions.csproj", "{676C103F-927C-42A1-A5C3-16136E50E805}"
EndProject
Project("{9A19103F-16F7-4668-BE54-9A1E7A4F7556}") = "Solnet.Extensions.Test", "test\Solnet.Extensions.Test\Solnet.Extensions.Test.csproj", "{2FCF8D66-C706-43EC-BC5F-1E2B08758185}"
EndProject
Global
	GlobalSection(SolutionConfigurationPlatforms) = preSolution
		Debug|Any CPU = Debug|Any CPU
		Release|Any CPU = Release|Any CPU
	EndGlobalSection
	GlobalSection(ProjectConfigurationPlatforms) = postSolution
		{FE8D270F-30AE-4818-AC7B-030591820419}.Debug|Any CPU.ActiveCfg = Debug|Any CPU
		{FE8D270F-30AE-4818-AC7B-030591820419}.Debug|Any CPU.Build.0 = Debug|Any CPU
		{FE8D270F-30AE-4818-AC7B-030591820419}.Release|Any CPU.ActiveCfg = Release|Any CPU
		{FE8D270F-30AE-4818-AC7B-030591820419}.Release|Any CPU.Build.0 = Release|Any CPU
		{BA5BFA52-8010-4438-BC87-153A34464CAA}.Debug|Any CPU.ActiveCfg = Debug|Any CPU
		{BA5BFA52-8010-4438-BC87-153A34464CAA}.Debug|Any CPU.Build.0 = Debug|Any CPU
		{BA5BFA52-8010-4438-BC87-153A34464CAA}.Release|Any CPU.ActiveCfg = Release|Any CPU
		{BA5BFA52-8010-4438-BC87-153A34464CAA}.Release|Any CPU.Build.0 = Release|Any CPU
		{DA22B717-4FD7-4D08-A546-DFF3B21B7BAE}.Debug|Any CPU.ActiveCfg = Debug|Any CPU
		{DA22B717-4FD7-4D08-A546-DFF3B21B7BAE}.Debug|Any CPU.Build.0 = Debug|Any CPU
		{DA22B717-4FD7-4D08-A546-DFF3B21B7BAE}.Release|Any CPU.ActiveCfg = Release|Any CPU
		{DA22B717-4FD7-4D08-A546-DFF3B21B7BAE}.Release|Any CPU.Build.0 = Release|Any CPU
		{1198ED67-B1F1-4DE9-BDE8-AE6C96DA33A6}.Debug|Any CPU.ActiveCfg = Debug|Any CPU
		{1198ED67-B1F1-4DE9-BDE8-AE6C96DA33A6}.Debug|Any CPU.Build.0 = Debug|Any CPU
		{1198ED67-B1F1-4DE9-BDE8-AE6C96DA33A6}.Release|Any CPU.ActiveCfg = Release|Any CPU
		{1198ED67-B1F1-4DE9-BDE8-AE6C96DA33A6}.Release|Any CPU.Build.0 = Release|Any CPU
		{45D7F47F-4807-4918-BD78-F9EB2863B5A2}.Debug|Any CPU.ActiveCfg = Debug|Any CPU
		{45D7F47F-4807-4918-BD78-F9EB2863B5A2}.Debug|Any CPU.Build.0 = Debug|Any CPU
		{45D7F47F-4807-4918-BD78-F9EB2863B5A2}.Release|Any CPU.ActiveCfg = Release|Any CPU
		{45D7F47F-4807-4918-BD78-F9EB2863B5A2}.Release|Any CPU.Build.0 = Release|Any CPU
		{E907F659-7FDE-4B98-85CD-1FBC6B1656CD}.Debug|Any CPU.ActiveCfg = Debug|Any CPU
		{E907F659-7FDE-4B98-85CD-1FBC6B1656CD}.Debug|Any CPU.Build.0 = Debug|Any CPU
		{E907F659-7FDE-4B98-85CD-1FBC6B1656CD}.Release|Any CPU.ActiveCfg = Release|Any CPU
		{E907F659-7FDE-4B98-85CD-1FBC6B1656CD}.Release|Any CPU.Build.0 = Release|Any CPU
		{3E2EF65F-79D5-4D31-8782-175942B9CC7E}.Debug|Any CPU.ActiveCfg = Debug|Any CPU
		{3E2EF65F-79D5-4D31-8782-175942B9CC7E}.Debug|Any CPU.Build.0 = Debug|Any CPU
		{3E2EF65F-79D5-4D31-8782-175942B9CC7E}.Release|Any CPU.ActiveCfg = Release|Any CPU
		{3E2EF65F-79D5-4D31-8782-175942B9CC7E}.Release|Any CPU.Build.0 = Release|Any CPU
		{A02FDD4D-7096-4A43-B53C-5F5577F5B97C}.Debug|Any CPU.ActiveCfg = Debug|Any CPU
		{A02FDD4D-7096-4A43-B53C-5F5577F5B97C}.Debug|Any CPU.Build.0 = Debug|Any CPU
		{A02FDD4D-7096-4A43-B53C-5F5577F5B97C}.Release|Any CPU.ActiveCfg = Release|Any CPU
		{A02FDD4D-7096-4A43-B53C-5F5577F5B97C}.Release|Any CPU.Build.0 = Release|Any CPU
		{44B262CE-3AA3-43CE-B483-F49605E80E7B}.Debug|Any CPU.ActiveCfg = Debug|Any CPU
		{44B262CE-3AA3-43CE-B483-F49605E80E7B}.Debug|Any CPU.Build.0 = Debug|Any CPU
		{44B262CE-3AA3-43CE-B483-F49605E80E7B}.Release|Any CPU.ActiveCfg = Release|Any CPU
		{44B262CE-3AA3-43CE-B483-F49605E80E7B}.Release|Any CPU.Build.0 = Release|Any CPU
		{676C103F-927C-42A1-A5C3-16136E50E805}.Debug|Any CPU.ActiveCfg = Debug|Any CPU
		{676C103F-927C-42A1-A5C3-16136E50E805}.Debug|Any CPU.Build.0 = Debug|Any CPU
		{676C103F-927C-42A1-A5C3-16136E50E805}.Release|Any CPU.ActiveCfg = Release|Any CPU
		{676C103F-927C-42A1-A5C3-16136E50E805}.Release|Any CPU.Build.0 = Release|Any CPU
		{2FCF8D66-C706-43EC-BC5F-1E2B08758185}.Debug|Any CPU.ActiveCfg = Debug|Any CPU
		{2FCF8D66-C706-43EC-BC5F-1E2B08758185}.Debug|Any CPU.Build.0 = Debug|Any CPU
		{2FCF8D66-C706-43EC-BC5F-1E2B08758185}.Release|Any CPU.ActiveCfg = Release|Any CPU
		{2FCF8D66-C706-43EC-BC5F-1E2B08758185}.Release|Any CPU.Build.0 = Release|Any CPU
	EndGlobalSection
	GlobalSection(SolutionProperties) = preSolution
		HideSolutionNode = FALSE
	EndGlobalSection
	GlobalSection(ExtensibilityGlobals) = postSolution
		SolutionGuid = {BE3287F3-8CBC-4793-8CC9-A1AE4B8266ED}
	EndGlobalSection
EndGlobal
